
Microsoft Visual Studio Solution File, Format Version 12.00
# Visual Studio 14
VisualStudioVersion = 14.0.23107.0
MinimumVisualStudioVersion = 10.0.40219.1
Project("{E24C65DC-7377-472B-9ABA-BC803B73C61A}") = "WebSite", "http://localhost:50914", "{05895492-A33C-440D-9149-F864B496E504}"
	ProjectSection(WebsiteProperties) = preProject
		UseIISExpress = "true"
		TargetFrameworkMoniker = ".NETFramework,Version%3Dv4.5.2"
		ProjectReferences = "{f96538ea-d841-4dac-8409-f22c3c2fe19b}|FeatureControl.dll;"
		Debug.AspNetCompiler.VirtualPath = "/localhost_50914"
		Debug.AspNetCompiler.PhysicalPath = "WebSite\"
		Debug.AspNetCompiler.TargetPath = "PrecompiledWeb\localhost_50914\"
		Debug.AspNetCompiler.Updateable = "true"
		Debug.AspNetCompiler.ForceOverwrite = "true"
		Debug.AspNetCompiler.FixedNames = "false"
		Debug.AspNetCompiler.Debug = "True"
		Release.AspNetCompiler.VirtualPath = "/localhost_50914"
		Release.AspNetCompiler.PhysicalPath = "WebSite\"
		Release.AspNetCompiler.TargetPath = "PrecompiledWeb\localhost_50914\"
		Release.AspNetCompiler.Updateable = "true"
		Release.AspNetCompiler.ForceOverwrite = "true"
		Release.AspNetCompiler.FixedNames = "false"
		Release.AspNetCompiler.Debug = "False"
		SlnRelativePath = "WebSite\"
		DefaultWebSiteLanguage = "Visual Basic"
	EndProjectSection
EndProject
Project("{FAE04EC0-301F-11D3-BF4B-00C04F79EFBC}") = "FeatureControl", "FeatureControl\FeatureControl.csproj", "{F96538EA-D841-4DAC-8409-F22C3C2FE19B}"
EndProject
Global
	GlobalSection(SolutionConfigurationPlatforms) = preSolution
		Debug|Any CPU = Debug|Any CPU
		Release|Any CPU = Release|Any CPU
	EndGlobalSection
	GlobalSection(ProjectConfigurationPlatforms) = postSolution
		{05895492-A33C-440D-9149-F864B496E504}.Debug|Any CPU.ActiveCfg = Debug|Any CPU
		{05895492-A33C-440D-9149-F864B496E504}.Debug|Any CPU.Build.0 = Debug|Any CPU
		{05895492-A33C-440D-9149-F864B496E504}.Release|Any CPU.ActiveCfg = Debug|Any CPU
		{05895492-A33C-440D-9149-F864B496E504}.Release|Any CPU.Build.0 = Debug|Any CPU
		{F96538EA-D841-4DAC-8409-F22C3C2FE19B}.Debug|Any CPU.ActiveCfg = Debug|Any CPU
		{F96538EA-D841-4DAC-8409-F22C3C2FE19B}.Debug|Any CPU.Build.0 = Debug|Any CPU
		{F96538EA-D841-4DAC-8409-F22C3C2FE19B}.Release|Any CPU.ActiveCfg = Release|Any CPU
		{F96538EA-D841-4DAC-8409-F22C3C2FE19B}.Release|Any CPU.Build.0 = Release|Any CPU
	EndGlobalSection
	GlobalSection(SolutionProperties) = preSolution
		HideSolutionNode = FALSE
	EndGlobalSection
EndGlobal
